
Microsoft Visual Studio Solution File, Format Version 12.00
# Visual Studio 15
VisualStudioVersion = 15.0.27130.2027
MinimumVisualStudioVersion = 10.0.40219.1
Project("{FAE04EC0-301F-11D3-BF4B-00C04F79EFBC}") = "com.educacionit.ms.mvc.pet", "com.educacionit.ms.mvc.pet\com.educacionit.ms.mvc.pet.csproj", "{25BD7CC1-F40E-42E8-B771-D8F05B76D535}"
EndProject
Project("{FAE04EC0-301F-11D3-BF4B-00C04F79EFBC}") = "com.educacionit.ms.pet.dataaccess", "com.educacionit.ms.pet.dataaccess\com.educacionit.ms.pet.dataaccess.csproj", "{9867E58D-E5A9-4BAC-A545-1F6FBF128929}"
EndProject
Project("{FAE04EC0-301F-11D3-BF4B-00C04F79EFBC}") = "com.educacionit.ms.pet.domain.model", "com.educacionit.ms.pet.domain.model\com.educacionit.ms.pet.domain.model.csproj", "{A3B8E1E0-04AE-46DE-AE58-C57B53D9D635}"
EndProject
Project("{FAE04EC0-301F-11D3-BF4B-00C04F79EFBC}") = "com.educacionit.ms.pet.services", "com.educacionit.ms.pet.services\com.educacionit.ms.pet.services.csproj", "{5A52E592-D8D5-492D-AAF7-6EF0B92C815E}"
EndProject
Global
	GlobalSection(SolutionConfigurationPlatforms) = preSolution
		Debug|Any CPU = Debug|Any CPU
		Release|Any CPU = Release|Any CPU
	EndGlobalSection
	GlobalSection(ProjectConfigurationPlatforms) = postSolution
		{25BD7CC1-F40E-42E8-B771-D8F05B76D535}.Debug|Any CPU.ActiveCfg = Debug|Any CPU
		{25BD7CC1-F40E-42E8-B771-D8F05B76D535}.Debug|Any CPU.Build.0 = Debug|Any CPU
		{25BD7CC1-F40E-42E8-B771-D8F05B76D535}.Release|Any CPU.ActiveCfg = Release|Any CPU
		{25BD7CC1-F40E-42E8-B771-D8F05B76D535}.Release|Any CPU.Build.0 = Release|Any CPU
		{9867E58D-E5A9-4BAC-A545-1F6FBF128929}.Debug|Any CPU.ActiveCfg = Debug|Any CPU
		{9867E58D-E5A9-4BAC-A545-1F6FBF128929}.Debug|Any CPU.Build.0 = Debug|Any CPU
		{9867E58D-E5A9-4BAC-A545-1F6FBF128929}.Release|Any CPU.ActiveCfg = Release|Any CPU
		{9867E58D-E5A9-4BAC-A545-1F6FBF128929}.Release|Any CPU.Build.0 = Release|Any CPU
		{A3B8E1E0-04AE-46DE-AE58-C57B53D9D635}.Debug|Any CPU.ActiveCfg = Debug|Any CPU
		{A3B8E1E0-04AE-46DE-AE58-C57B53D9D635}.Debug|Any CPU.Build.0 = Debug|Any CPU
		{A3B8E1E0-04AE-46DE-AE58-C57B53D9D635}.Release|Any CPU.ActiveCfg = Release|Any CPU
		{A3B8E1E0-04AE-46DE-AE58-C57B53D9D635}.Release|Any CPU.Build.0 = Release|Any CPU
		{5A52E592-D8D5-492D-AAF7-6EF0B92C815E}.Debug|Any CPU.ActiveCfg = Debug|Any CPU
		{5A52E592-D8D5-492D-AAF7-6EF0B92C815E}.Debug|Any CPU.Build.0 = Debug|Any CPU
		{5A52E592-D8D5-492D-AAF7-6EF0B92C815E}.Release|Any CPU.ActiveCfg = Release|Any CPU
		{5A52E592-D8D5-492D-AAF7-6EF0B92C815E}.Release|Any CPU.Build.0 = Release|Any CPU
	EndGlobalSection
	GlobalSection(SolutionProperties) = preSolution
		HideSolutionNode = FALSE
	EndGlobalSection
	GlobalSection(ExtensibilityGlobals) = postSolution
		SolutionGuid = {71A7A12E-D125-4F6F-8369-159B00F249F4}
	EndGlobalSection
EndGlobal
